
Microsoft Visual Studio Solution File, Format Version 12.00
# Visual Studio 2013
VisualStudioVersion = 12.0.40629.0
MinimumVisualStudioVersion = 10.0.40219.1
Project("{FAE04EC0-301F-11D3-BF4B-00C04F79EFBC}") = "DataStudio.Controls", "DataStudio.Controls.csproj", "{4A6D65CE-A8B3-4AC6-8FA8-6378116173B0}"
EndProject
Global
	GlobalSection(TeamFoundationVersionControl) = preSolution
		SccNumberOfProjects = 1
		SccEnterpriseProvider = {4CA58AB2-18FA-4F8D-95D4-32DDF27D184C}
		SccTeamFoundationServer = http://sqlbuvsts01:8080/main
		SccProjectUniqueName0 = DataStudio.Controls.csproj
		SccProjectName0 = .
		SccAuxPath0 = http://sqlbuvsts01:8080/main
		SccLocalPath0 = .
		SccProvider0 = {4CA58AB2-18FA-4F8D-95D4-32DDF27D184C}
	EndGlobalSection
	GlobalSection(SolutionConfigurationPlatforms) = preSolution
		Cover|Any CPU = Cover|Any CPU
		Cover|x64 = Cover|x64
		Debug|Any CPU = Debug|Any CPU
		Debug|x64 = Debug|x64
		Release|Any CPU = Release|Any CPU
		Release|x64 = Release|x64
	EndGlobalSection
	GlobalSection(ProjectConfigurationPlatforms) = postSolution
		{4A6D65CE-A8B3-4AC6-8FA8-6378116173B0}.Cover|Any CPU.ActiveCfg = Cover|Any CPU
		{4A6D65CE-A8B3-4AC6-8FA8-6378116173B0}.Cover|Any CPU.Build.0 = Cover|Any CPU
		{4A6D65CE-A8B3-4AC6-8FA8-6378116173B0}.Cover|x64.ActiveCfg = Cover|x64
		{4A6D65CE-A8B3-4AC6-8FA8-6378116173B0}.Cover|x64.Build.0 = Cover|x64
		{4A6D65CE-A8B3-4AC6-8FA8-6378116173B0}.Debug|Any CPU.ActiveCfg = Debug|Any CPU
		{4A6D65CE-A8B3-4AC6-8FA8-6378116173B0}.Debug|Any CPU.Build.0 = Debug|Any CPU
		{4A6D65CE-A8B3-4AC6-8FA8-6378116173B0}.Debug|x64.ActiveCfg = Debug|x64
		{4A6D65CE-A8B3-4AC6-8FA8-6378116173B0}.Debug|x64.Build.0 = Debug|x64
		{4A6D65CE-A8B3-4AC6-8FA8-6378116173B0}.Release|Any CPU.ActiveCfg = Release|Any CPU
		{4A6D65CE-A8B3-4AC6-8FA8-6378116173B0}.Release|Any CPU.Build.0 = Release|Any CPU
		{4A6D65CE-A8B3-4AC6-8FA8-6378116173B0}.Release|x64.ActiveCfg = Release|x64
		{4A6D65CE-A8B3-4AC6-8FA8-6378116173B0}.Release|x64.Build.0 = Release|x64
	EndGlobalSection
	GlobalSection(SolutionProperties) = preSolution
		HideSolutionNode = FALSE
	EndGlobalSection
EndGlobal
