
Microsoft Visual Studio Solution File, Format Version 12.00
# Visual Studio 2013
VisualStudioVersion = 12.0.31101.0
MinimumVisualStudioVersion = 10.0.40219.1
Project("{FAE04EC0-301F-11D3-BF4B-00C04F79EFBC}") = "StreamAnalytics", "StreamAnalytics.csproj", "{454F86CC-44AA-4215-B987-D6211296E3B8}"
EndProject
Project("{E24C65DC-7377-472B-9ABA-BC803B73C61A}") = "src(7)", "http://localhost:55623", "{B6D2B151-C5A2-4879-8A10-3A85B728AF04}"
	ProjectSection(WebsiteProperties) = preProject
		UseIISExpress = "true"
		TargetFrameworkMoniker = ".NETFramework,Version%3Dv4.5"
		Debug.AspNetCompiler.VirtualPath = "/localhost_55623"
		Debug.AspNetCompiler.PhysicalPath = "src\"
		Debug.AspNetCompiler.TargetPath = "PrecompiledWeb\localhost_55623\"
		Debug.AspNetCompiler.Updateable = "true"
		Debug.AspNetCompiler.ForceOverwrite = "true"
		Debug.AspNetCompiler.FixedNames = "false"
		Debug.AspNetCompiler.Debug = "True"
		Release.AspNetCompiler.VirtualPath = "/localhost_55623"
		Release.AspNetCompiler.PhysicalPath = "src\"
		Release.AspNetCompiler.TargetPath = "PrecompiledWeb\localhost_55623\"
		Release.AspNetCompiler.Updateable = "true"
		Release.AspNetCompiler.ForceOverwrite = "true"
		Release.AspNetCompiler.FixedNames = "false"
		Release.AspNetCompiler.Debug = "False"
		SlnRelativePath = "src\"
	EndProjectSection
EndProject
Global
	GlobalSection(SolutionConfigurationPlatforms) = preSolution
		Debug|Any CPU = Debug|Any CPU
		Release|Any CPU = Release|Any CPU
	EndGlobalSection
	GlobalSection(ProjectConfigurationPlatforms) = postSolution
		{454F86CC-44AA-4215-B987-D6211296E3B8}.Debug|Any CPU.ActiveCfg = Debug|Any CPU
		{454F86CC-44AA-4215-B987-D6211296E3B8}.Debug|Any CPU.Build.0 = Debug|Any CPU
		{454F86CC-44AA-4215-B987-D6211296E3B8}.Release|Any CPU.ActiveCfg = Release|Any CPU
		{454F86CC-44AA-4215-B987-D6211296E3B8}.Release|Any CPU.Build.0 = Release|Any CPU
		{B6D2B151-C5A2-4879-8A10-3A85B728AF04}.Debug|Any CPU.ActiveCfg = Debug|Any CPU
		{B6D2B151-C5A2-4879-8A10-3A85B728AF04}.Debug|Any CPU.Build.0 = Debug|Any CPU
		{B6D2B151-C5A2-4879-8A10-3A85B728AF04}.Release|Any CPU.ActiveCfg = Debug|Any CPU
		{B6D2B151-C5A2-4879-8A10-3A85B728AF04}.Release|Any CPU.Build.0 = Debug|Any CPU
	EndGlobalSection
	GlobalSection(SolutionProperties) = preSolution
		HideSolutionNode = FALSE
	EndGlobalSection
EndGlobal
